// !$*UTF8*$!
{
	archiveVersion = 1;
	classes = {
	};
	objectVersion = 56;
	objects = {

/* Begin PBXBuildFile section */
		D51C853C2AD2E6B4004E71FD /* UITableView+ExpandableSections.m in Sources */ = {isa = PBXBuildFile; fileRef = D51C853B2AD2E6B4004E71FD /* UITableView+ExpandableSections.m */; };
		D51C853D2AD2E6B4004E71FD /* UITableView+ExpandableSections.m in Sources */ = {isa = PBXBuildFile; fileRef = D51C853B2AD2E6B4004E71FD /* UITableView+ExpandableSections.m */; };
		D51C853E2AD2E6B4004E71FD /* UITableView+ExpandableSections.m in Sources */ = {isa = PBXBuildFile; fileRef = D51C853B2AD2E6B4004E71FD /* UITableView+ExpandableSections.m */; };
		D51C85462AD2F186004E71FD /* UIButton+Badge.m in Sources */ = {isa = PBXBuildFile; fileRef = D51C85452AD2F186004E71FD /* UIButton+Badge.m */; };
		D51C85472AD2F186004E71FD /* UIButton+Badge.m in Sources */ = {isa = PBXBuildFile; fileRef = D51C85452AD2F186004E71FD /* UIButton+Badge.m */; };
		D51C85482AD2F186004E71FD /* UIButton+Badge.m in Sources */ = {isa = PBXBuildFile; fileRef = D51C85452AD2F186004E71FD /* UIButton+Badge.m */; };
		D51C854C2AD306D0004E71FD /* CircularImageView.m in Sources */ = {isa = PBXBuildFile; fileRef = D51C854B2AD306D0004E71FD /* CircularImageView.m */; };
		D51C854D2AD306D0004E71FD /* CircularImageView.m in Sources */ = {isa = PBXBuildFile; fileRef = D51C854B2AD306D0004E71FD /* CircularImageView.m */; };
		D51C854E2AD306D0004E71FD /* CircularImageView.m in Sources */ = {isa = PBXBuildFile; fileRef = D51C854B2AD306D0004E71FD /* CircularImageView.m */; };
		D51C85552AD30A79004E71FD /* testImages1.jpeg in Resources */ = {isa = PBXBuildFile; fileRef = D51C85542AD30A79004E71FD /* testImages1.jpeg */; };
		D51C85562AD30A79004E71FD /* testImages1.jpeg in Resources */ = {isa = PBXBuildFile; fileRef = D51C85542AD30A79004E71FD /* testImages1.jpeg */; };
		D51C85572AD30A79004E71FD /* testImages1.jpeg in Resources */ = {isa = PBXBuildFile; fileRef = D51C85542AD30A79004E71FD /* testImages1.jpeg */; };
		D51C855A2AD440E6004E71FD /* UILabel+ReplaceTextWithDot.m in Sources */ = {isa = PBXBuildFile; fileRef = D51C85592AD440E6004E71FD /* UILabel+ReplaceTextWithDot.m */; };
		D51C855B2AD440E6004E71FD /* UILabel+ReplaceTextWithDot.m in Sources */ = {isa = PBXBuildFile; fileRef = D51C85592AD440E6004E71FD /* UILabel+ReplaceTextWithDot.m */; };
		D51C855C2AD440E6004E71FD /* UILabel+ReplaceTextWithDot.m in Sources */ = {isa = PBXBuildFile; fileRef = D51C85592AD440E6004E71FD /* UILabel+ReplaceTextWithDot.m */; };
		D5A22E302AD10DDF0087B2C5 /* UIButton+UIButton_GradientBackground.m in Sources */ = {isa = PBXBuildFile; fileRef = D5A22E2F2AD10DDF0087B2C5 /* UIButton+UIButton_GradientBackground.m */; };
		D5A22E312AD10DDF0087B2C5 /* UIButton+UIButton_GradientBackground.m in Sources */ = {isa = PBXBuildFile; fileRef = D5A22E2F2AD10DDF0087B2C5 /* UIButton+UIButton_GradientBackground.m */; };
		D5A22E322AD10DDF0087B2C5 /* UIButton+UIButton_GradientBackground.m in Sources */ = {isa = PBXBuildFile; fileRef = D5A22E2F2AD10DDF0087B2C5 /* UIButton+UIButton_GradientBackground.m */; };
		D5A22E352AD14EA90087B2C5 /* UISearchBar+UISearchBar_CustomCancelButton.m in Sources */ = {isa = PBXBuildFile; fileRef = D5A22E342AD14EA90087B2C5 /* UISearchBar+UISearchBar_CustomCancelButton.m */; };
		D5A22E362AD14EA90087B2C5 /* UISearchBar+UISearchBar_CustomCancelButton.m in Sources */ = {isa = PBXBuildFile; fileRef = D5A22E342AD14EA90087B2C5 /* UISearchBar+UISearchBar_CustomCancelButton.m */; };
		D5A22E372AD14EA90087B2C5 /* UISearchBar+UISearchBar_CustomCancelButton.m in Sources */ = {isa = PBXBuildFile; fileRef = D5A22E342AD14EA90087B2C5 /* UISearchBar+UISearchBar_CustomCancelButton.m */; };
		D5A96BE42AFA33B50085A4EB /* friend1.json in Resources */ = {isa = PBXBuildFile; fileRef = D5A96BDF2AFA33B50085A4EB /* friend1.json */; };
		D5A96BE52AFA33B50085A4EB /* main.json in Resources */ = {isa = PBXBuildFile; fileRef = D5A96BE02AFA33B50085A4EB /* main.json */; };
		D5A96BE62AFA33B50085A4EB /* friend4.json in Resources */ = {isa = PBXBuildFile; fileRef = D5A96BE12AFA33B50085A4EB /* friend4.json */; };
		D5A96BE72AFA33B50085A4EB /* friend3.json in Resources */ = {isa = PBXBuildFile; fileRef = D5A96BE22AFA33B50085A4EB /* friend3.json */; };
		D5A96BE82AFA33B50085A4EB /* friend2.json in Resources */ = {isa = PBXBuildFile; fileRef = D5A96BE32AFA33B50085A4EB /* friend2.json */; };
		D5A96BEC2AFA35770085A4EB /* friend.m in Sources */ = {isa = PBXBuildFile; fileRef = D5A96BEB2AFA35770085A4EB /* friend.m */; };
		D5A96BEF2AFA52CD0085A4EB /* MergeFriendListViewController.m in Sources */ = {isa = PBXBuildFile; fileRef = D5A96BEE2AFA52CD0085A4EB /* MergeFriendListViewController.m */; };
		D5C996E42ACD6F3D00D0A0FE /* AppDelegate.m in Sources */ = {isa = PBXBuildFile; fileRef = D5C996E32ACD6F3D00D0A0FE /* AppDelegate.m */; };
		D5C996E72ACD6F3D00D0A0FE /* SceneDelegate.m in Sources */ = {isa = PBXBuildFile; fileRef = D5C996E62ACD6F3D00D0A0FE /* SceneDelegate.m */; };
		D5C996EA2ACD6F3D00D0A0FE /* ViewController.m in Sources */ = {isa = PBXBuildFile; fileRef = D5C996E92ACD6F3D00D0A0FE /* ViewController.m */; };
		D5C996ED2ACD6F3D00D0A0FE /* Main.storyboard in Resources */ = {isa = PBXBuildFile; fileRef = D5C996EB2ACD6F3D00D0A0FE /* Main.storyboard */; };
		D5C996EF2ACD6F3F00D0A0FE /* Assets.xcassets in Resources */ = {isa = PBXBuildFile; fileRef = D5C996EE2ACD6F3F00D0A0FE /* Assets.xcassets */; };
		D5C996F22ACD6F3F00D0A0FE /* LaunchScreen.storyboard in Resources */ = {isa = PBXBuildFile; fileRef = D5C996F02ACD6F3F00D0A0FE /* LaunchScreen.storyboard */; };
		D5C996F52ACD6F3F00D0A0FE /* main.m in Sources */ = {isa = PBXBuildFile; fileRef = D5C996F42ACD6F3F00D0A0FE /* main.m */; };
		D5C996FF2ACD6F3F00D0A0FE /* GuidelineTests.m in Sources */ = {isa = PBXBuildFile; fileRef = D5C996FE2ACD6F3F00D0A0FE /* GuidelineTests.m */; };
		D5C997092ACD6F3F00D0A0FE /* GuidelineUITests.m in Sources */ = {isa = PBXBuildFile; fileRef = D5C997082ACD6F3F00D0A0FE /* GuidelineUITests.m */; };
		D5C9970B2ACD6F3F00D0A0FE /* GuidelineUITestsLaunchTests.m in Sources */ = {isa = PBXBuildFile; fileRef = D5C9970A2ACD6F3F00D0A0FE /* GuidelineUITestsLaunchTests.m */; };
		D5C997282ACD706D00D0A0FE /* FriendListViewController.m in Sources */ = {isa = PBXBuildFile; fileRef = D5C997262ACD706D00D0A0FE /* FriendListViewController.m */; };
		D5C997292ACD706D00D0A0FE /* FriendListViewController.m in Sources */ = {isa = PBXBuildFile; fileRef = D5C997262ACD706D00D0A0FE /* FriendListViewController.m */; };
		D5C9972F2ACD7BE400D0A0FE /* Main.storyboard in Resources */ = {isa = PBXBuildFile; fileRef = D5C996EB2ACD6F3D00D0A0FE /* Main.storyboard */; };
		D5C997302ACD7BE500D0A0FE /* Main.storyboard in Resources */ = {isa = PBXBuildFile; fileRef = D5C996EB2ACD6F3D00D0A0FE /* Main.storyboard */; };
		D5C997382ACD7ECF00D0A0FE /* 朋友_KOKO 好友_列表.png in Resources */ = {isa = PBXBuildFile; fileRef = D5C997332ACD7ECF00D0A0FE /* 朋友_KOKO 好友_列表.png */; };
		D5C997392ACD7ECF00D0A0FE /* 朋友_KOKO 好友_列表.png in Resources */ = {isa = PBXBuildFile; fileRef = D5C997332ACD7ECF00D0A0FE /* 朋友_KOKO 好友_列表.png */; };
		D5C9973A2ACD7ECF00D0A0FE /* 朋友_KOKO 好友_邀請展開.png in Resources */ = {isa = PBXBuildFile; fileRef = D5C997352ACD7ECF00D0A0FE /* 朋友_KOKO 好友_邀請展開.png */; };
		D5C9973B2ACD7ECF00D0A0FE /* 朋友_KOKO 好友_邀請展開.png in Resources */ = {isa = PBXBuildFile; fileRef = D5C997352ACD7ECF00D0A0FE /* 朋友_KOKO 好友_邀請展開.png */; };
		D5C9973C2ACD7ECF00D0A0FE /* 朋友_KOKO 好友_New Comer.png in Resources */ = {isa = PBXBuildFile; fileRef = D5C997372ACD7ECF00D0A0FE /* 朋友_KOKO 好友_New Comer.png */; };
		D5C9973D2ACD7ECF00D0A0FE /* 朋友_KOKO 好友_New Comer.png in Resources */ = {isa = PBXBuildFile; fileRef = D5C997372ACD7ECF00D0A0FE /* 朋友_KOKO 好友_New Comer.png */; };
		D5C9974A2ACD8C9B00D0A0FE /* JsonModule.m in Sources */ = {isa = PBXBuildFile; fileRef = D5C997482ACD8C9B00D0A0FE /* JsonModule.m */; };
		D5C9974B2ACD8C9B00D0A0FE /* JsonModule.m in Sources */ = {isa = PBXBuildFile; fileRef = D5C997482ACD8C9B00D0A0FE /* JsonModule.m */; };
		D5C9974E2ACD8CDA00D0A0FE /* apiRequestModule.m in Sources */ = {isa = PBXBuildFile; fileRef = D5C9974D2ACD8CDA00D0A0FE /* apiRequestModule.m */; };
		D5C9974F2ACD8CDA00D0A0FE /* apiRequestModule.m in Sources */ = {isa = PBXBuildFile; fileRef = D5C9974D2ACD8CDA00D0A0FE /* apiRequestModule.m */; };
		D5C997532ACDBDEC00D0A0FE /* guideNavigationBar.m in Sources */ = {isa = PBXBuildFile; fileRef = D5C997522ACDBDEC00D0A0FE /* guideNavigationBar.m */; };
		D5C997542ACDBDEC00D0A0FE /* guideNavigationBar.m in Sources */ = {isa = PBXBuildFile; fileRef = D5C997522ACDBDEC00D0A0FE /* guideNavigationBar.m */; };
		D5C997552ACDBDEC00D0A0FE /* guideNavigationBar.m in Sources */ = {isa = PBXBuildFile; fileRef = D5C997522ACDBDEC00D0A0FE /* guideNavigationBar.m */; };
		D5C997592ACDD49900D0A0FE /* FriendTableViewCell.m in Sources */ = {isa = PBXBuildFile; fileRef = D5C997572ACDD49900D0A0FE /* FriendTableViewCell.m */; };
		D5C9975A2ACDD49900D0A0FE /* FriendTableViewCell.m in Sources */ = {isa = PBXBuildFile; fileRef = D5C997572ACDD49900D0A0FE /* FriendTableViewCell.m */; };
		D5C9975B2ACDD49900D0A0FE /* FriendTableViewCell.m in Sources */ = {isa = PBXBuildFile; fileRef = D5C997572ACDD49900D0A0FE /* FriendTableViewCell.m */; };
		D5C9975C2ACDD49900D0A0FE /* FriendTableViewCell.xib in Resources */ = {isa = PBXBuildFile; fileRef = D5C997582ACDD49900D0A0FE /* FriendTableViewCell.xib */; };
		D5C9975D2ACDD49900D0A0FE /* FriendTableViewCell.xib in Resources */ = {isa = PBXBuildFile; fileRef = D5C997582ACDD49900D0A0FE /* FriendTableViewCell.xib */; };
		D5C9975E2ACDD49900D0A0FE /* FriendTableViewCell.xib in Resources */ = {isa = PBXBuildFile; fileRef = D5C997582ACDD49900D0A0FE /* FriendTableViewCell.xib */; };
		D5C997622ACE678200D0A0FE /* InviteTableViewCell.xib in Resources */ = {isa = PBXBuildFile; fileRef = D5C997602ACE678200D0A0FE /* InviteTableViewCell.xib */; };
		D5C997632ACE678200D0A0FE /* InviteTableViewCell.xib in Resources */ = {isa = PBXBuildFile; fileRef = D5C997602ACE678200D0A0FE /* InviteTableViewCell.xib */; };
		D5C997642ACE678200D0A0FE /* InviteTableViewCell.xib in Resources */ = {isa = PBXBuildFile; fileRef = D5C997602ACE678200D0A0FE /* InviteTableViewCell.xib */; };
		D5C997652ACE678200D0A0FE /* InviteTableViewCell.m in Sources */ = {isa = PBXBuildFile; fileRef = D5C997612ACE678200D0A0FE /* InviteTableViewCell.m */; };
		D5C997662ACE678200D0A0FE /* InviteTableViewCell.m in Sources */ = {isa = PBXBuildFile; fileRef = D5C997612ACE678200D0A0FE /* InviteTableViewCell.m */; };
		D5C997672ACE678200D0A0FE /* InviteTableViewCell.m in Sources */ = {isa = PBXBuildFile; fileRef = D5C997612ACE678200D0A0FE /* InviteTableViewCell.m */; };
		D5C9976A2ACE75B800D0A0FE /* tabelBar.png in Resources */ = {isa = PBXBuildFile; fileRef = D5C997692ACE75B800D0A0FE /* tabelBar.png */; };
		D5C9976B2ACE75B800D0A0FE /* tabelBar.png in Resources */ = {isa = PBXBuildFile; fileRef = D5C997692ACE75B800D0A0FE /* tabelBar.png */; };
		D5C9976C2ACE75B800D0A0FE /* tabelBar.png in Resources */ = {isa = PBXBuildFile; fileRef = D5C997692ACE75B800D0A0FE /* tabelBar.png */; };
		D5CE8EEF2AD1CA2C00AC0F26 /* ShadowModule.m in Sources */ = {isa = PBXBuildFile; fileRef = D5CE8EEE2AD1CA2C00AC0F26 /* ShadowModule.m */; };
/* End PBXBuildFile section */

/* Begin PBXContainerItemProxy section */
		D5C996FB2ACD6F3F00D0A0FE /* PBXContainerItemProxy */ = {
			isa = PBXContainerItemProxy;
			containerPortal = D5C996D72ACD6F3D00D0A0FE /* Project object */;
			proxyType = 1;
			remoteGlobalIDString = D5C996DE2ACD6F3D00D0A0FE;
			remoteInfo = Guideline;
		};
		D5C997052ACD6F3F00D0A0FE /* PBXContainerItemProxy */ = {
			isa = PBXContainerItemProxy;
			containerPortal = D5C996D72ACD6F3D00D0A0FE /* Project object */;
			proxyType = 1;
			remoteGlobalIDString = D5C996DE2ACD6F3D00D0A0FE;
			remoteInfo = Guideline;
		};
/* End PBXContainerItemProxy section */

/* Begin PBXFileReference section */
		D51C853A2AD2E6B4004E71FD /* UITableView+ExpandableSections.h */ = {isa = PBXFileReference; lastKnownFileType = sourcecode.c.h; path = "UITableView+ExpandableSections.h"; sourceTree = "<group>"; };
		D51C853B2AD2E6B4004E71FD /* UITableView+ExpandableSections.m */ = {isa = PBXFileReference; lastKnownFileType = sourcecode.c.objc; path = "UITableView+ExpandableSections.m"; sourceTree = "<group>"; };
		D51C85442AD2F186004E71FD /* UIButton+Badge.h */ = {isa = PBXFileReference; lastKnownFileType = sourcecode.c.h; path = "UIButton+Badge.h"; sourceTree = "<group>"; };
		D51C85452AD2F186004E71FD /* UIButton+Badge.m */ = {isa = PBXFileReference; lastKnownFileType = sourcecode.c.objc; path = "UIButton+Badge.m"; sourceTree = "<group>"; };
		D51C854A2AD306D0004E71FD /* CircularImageView.h */ = {isa = PBXFileReference; lastKnownFileType = sourcecode.c.h; name = CircularImageView.h; path = CircularImageView/CircularImageView.h; sourceTree = "<group>"; };
		D51C854B2AD306D0004E71FD /* CircularImageView.m */ = {isa = PBXFileReference; lastKnownFileType = sourcecode.c.objc; name = CircularImageView.m; path = CircularImageView/CircularImageView.m; sourceTree = "<group>"; };
		D51C85542AD30A79004E71FD /* testImages1.jpeg */ = {isa = PBXFileReference; lastKnownFileType = image.jpeg; path = testImages1.jpeg; sourceTree = "<group>"; };
		D51C85582AD440E6004E71FD /* UILabel+ReplaceTextWithDot.h */ = {isa = PBXFileReference; lastKnownFileType = sourcecode.c.h; path = "UILabel+ReplaceTextWithDot.h"; sourceTree = "<group>"; };
		D51C85592AD440E6004E71FD /* UILabel+ReplaceTextWithDot.m */ = {isa = PBXFileReference; lastKnownFileType = sourcecode.c.objc; path = "UILabel+ReplaceTextWithDot.m"; sourceTree = "<group>"; };
		D5A22E2E2AD10DDF0087B2C5 /* UIButton+UIButton_GradientBackground.h */ = {isa = PBXFileReference; lastKnownFileType = sourcecode.c.h; path = "UIButton+UIButton_GradientBackground.h"; sourceTree = "<group>"; };
		D5A22E2F2AD10DDF0087B2C5 /* UIButton+UIButton_GradientBackground.m */ = {isa = PBXFileReference; lastKnownFileType = sourcecode.c.objc; path = "UIButton+UIButton_GradientBackground.m"; sourceTree = "<group>"; };
		D5A22E332AD14EA90087B2C5 /* UISearchBar+UISearchBar_CustomCancelButton.h */ = {isa = PBXFileReference; lastKnownFileType = sourcecode.c.h; path = "UISearchBar+UISearchBar_CustomCancelButton.h"; sourceTree = "<group>"; };
		D5A22E342AD14EA90087B2C5 /* UISearchBar+UISearchBar_CustomCancelButton.m */ = {isa = PBXFileReference; lastKnownFileType = sourcecode.c.objc; path = "UISearchBar+UISearchBar_CustomCancelButton.m"; sourceTree = "<group>"; };
		D5A96BDF2AFA33B50085A4EB /* friend1.json */ = {isa = PBXFileReference; fileEncoding = 4; lastKnownFileType = text.json; path = friend1.json; sourceTree = "<group>"; };
		D5A96BE02AFA33B50085A4EB /* main.json */ = {isa = PBXFileReference; fileEncoding = 4; lastKnownFileType = text.json; path = main.json; sourceTree = "<group>"; };
		D5A96BE12AFA33B50085A4EB /* friend4.json */ = {isa = PBXFileReference; fileEncoding = 4; lastKnownFileType = text.json; path = friend4.json; sourceTree = "<group>"; };
		D5A96BE22AFA33B50085A4EB /* friend3.json */ = {isa = PBXFileReference; fileEncoding = 4; lastKnownFileType = text.json; path = friend3.json; sourceTree = "<group>"; };
		D5A96BE32AFA33B50085A4EB /* friend2.json */ = {isa = PBXFileReference; fileEncoding = 4; lastKnownFileType = text.json; path = friend2.json; sourceTree = "<group>"; };
		D5A96BEA2AFA35770085A4EB /* friend.h */ = {isa = PBXFileReference; lastKnownFileType = sourcecode.c.h; path = friend.h; sourceTree = "<group>"; };
		D5A96BEB2AFA35770085A4EB /* friend.m */ = {isa = PBXFileReference; lastKnownFileType = sourcecode.c.objc; path = friend.m; sourceTree = "<group>"; };
		D5A96BED2AFA52CD0085A4EB /* MergeFriendListViewController.h */ = {isa = PBXFileReference; fileEncoding = 4; lastKnownFileType = sourcecode.c.h; path = MergeFriendListViewController.h; sourceTree = "<group>"; };
		D5A96BEE2AFA52CD0085A4EB /* MergeFriendListViewController.m */ = {isa = PBXFileReference; fileEncoding = 4; lastKnownFileType = sourcecode.c.objc; path = MergeFriendListViewController.m; sourceTree = "<group>"; };
		D5C996DF2ACD6F3D00D0A0FE /* Guideline.app */ = {isa = PBXFileReference; explicitFileType = wrapper.application; includeInIndex = 0; path = Guideline.app; sourceTree = BUILT_PRODUCTS_DIR; };
		D5C996E22ACD6F3D00D0A0FE /* AppDelegate.h */ = {isa = PBXFileReference; lastKnownFileType = sourcecode.c.h; path = AppDelegate.h; sourceTree = "<group>"; };
		D5C996E32ACD6F3D00D0A0FE /* AppDelegate.m */ = {isa = PBXFileReference; lastKnownFileType = sourcecode.c.objc; path = AppDelegate.m; sourceTree = "<group>"; };
		D5C996E52ACD6F3D00D0A0FE /* SceneDelegate.h */ = {isa = PBXFileReference; lastKnownFileType = sourcecode.c.h; path = SceneDelegate.h; sourceTree = "<group>"; };
		D5C996E62ACD6F3D00D0A0FE /* SceneDelegate.m */ = {isa = PBXFileReference; lastKnownFileType = sourcecode.c.objc; path = SceneDelegate.m; sourceTree = "<group>"; };
		D5C996E82ACD6F3D00D0A0FE /* ViewController.h */ = {isa = PBXFileReference; lastKnownFileType = sourcecode.c.h; path = ViewController.h; sourceTree = "<group>"; };
		D5C996E92ACD6F3D00D0A0FE /* ViewController.m */ = {isa = PBXFileReference; lastKnownFileType = sourcecode.c.objc; path = ViewController.m; sourceTree = "<group>"; };
		D5C996EC2ACD6F3D00D0A0FE /* Base */ = {isa = PBXFileReference; lastKnownFileType = file.storyboard; name = Base; path = Base.lproj/Main.storyboard; sourceTree = "<group>"; };
		D5C996EE2ACD6F3F00D0A0FE /* Assets.xcassets */ = {isa = PBXFileReference; lastKnownFileType = folder.assetcatalog; path = Assets.xcassets; sourceTree = "<group>"; };
		D5C996F12ACD6F3F00D0A0FE /* Base */ = {isa = PBXFileReference; lastKnownFileType = file.storyboard; name = Base; path = Base.lproj/LaunchScreen.storyboard; sourceTree = "<group>"; };
		D5C996F32ACD6F3F00D0A0FE /* Info.plist */ = {isa = PBXFileReference; lastKnownFileType = text.plist.xml; path = Info.plist; sourceTree = "<group>"; };
		D5C996F42ACD6F3F00D0A0FE /* main.m */ = {isa = PBXFileReference; lastKnownFileType = sourcecode.c.objc; path = main.m; sourceTree = "<group>"; };
		D5C996FA2ACD6F3F00D0A0FE /* GuidelineTests.xctest */ = {isa = PBXFileReference; explicitFileType = wrapper.cfbundle; includeInIndex = 0; path = GuidelineTests.xctest; sourceTree = BUILT_PRODUCTS_DIR; };
		D5C996FE2ACD6F3F00D0A0FE /* GuidelineTests.m */ = {isa = PBXFileReference; lastKnownFileType = sourcecode.c.objc; path = GuidelineTests.m; sourceTree = "<group>"; };
		D5C997042ACD6F3F00D0A0FE /* GuidelineUITests.xctest */ = {isa = PBXFileReference; explicitFileType = wrapper.cfbundle; includeInIndex = 0; path = GuidelineUITests.xctest; sourceTree = BUILT_PRODUCTS_DIR; };
		D5C997082ACD6F3F00D0A0FE /* GuidelineUITests.m */ = {isa = PBXFileReference; lastKnownFileType = sourcecode.c.objc; path = GuidelineUITests.m; sourceTree = "<group>"; };
		D5C9970A2ACD6F3F00D0A0FE /* GuidelineUITestsLaunchTests.m */ = {isa = PBXFileReference; lastKnownFileType = sourcecode.c.objc; path = GuidelineUITestsLaunchTests.m; sourceTree = "<group>"; };
		D5C997252ACD706D00D0A0FE /* FriendListViewController.h */ = {isa = PBXFileReference; lastKnownFileType = sourcecode.c.h; path = FriendListViewController.h; sourceTree = "<group>"; };
		D5C997262ACD706D00D0A0FE /* FriendListViewController.m */ = {isa = PBXFileReference; lastKnownFileType = sourcecode.c.objc; path = FriendListViewController.m; sourceTree = "<group>"; };
		D5C997332ACD7ECF00D0A0FE /* 朋友_KOKO 好友_列表.png */ = {isa = PBXFileReference; lastKnownFileType = image.png; path = "朋友_KOKO 好友_列表.png"; sourceTree = "<group>"; };
		D5C997352ACD7ECF00D0A0FE /* 朋友_KOKO 好友_邀請展開.png */ = {isa = PBXFileReference; lastKnownFileType = image.png; path = "朋友_KOKO 好友_邀請展開.png"; sourceTree = "<group>"; };
		D5C997372ACD7ECF00D0A0FE /* 朋友_KOKO 好友_New Comer.png */ = {isa = PBXFileReference; lastKnownFileType = image.png; path = "朋友_KOKO 好友_New Comer.png"; sourceTree = "<group>"; };
		D5C997482ACD8C9B00D0A0FE /* JsonModule.m */ = {isa = PBXFileReference; fileEncoding = 4; lastKnownFileType = sourcecode.c.objc; path = JsonModule.m; sourceTree = "<group>"; };
		D5C997492ACD8C9B00D0A0FE /* JsonModule.h */ = {isa = PBXFileReference; fileEncoding = 4; lastKnownFileType = sourcecode.c.h; path = JsonModule.h; sourceTree = "<group>"; };
		D5C9974C2ACD8CDA00D0A0FE /* apiRequestModule.h */ = {isa = PBXFileReference; lastKnownFileType = sourcecode.c.h; path = apiRequestModule.h; sourceTree = "<group>"; };
		D5C9974D2ACD8CDA00D0A0FE /* apiRequestModule.m */ = {isa = PBXFileReference; lastKnownFileType = sourcecode.c.objc; path = apiRequestModule.m; sourceTree = "<group>"; };
		D5C997512ACDBDEC00D0A0FE /* guideNavigationBar.h */ = {isa = PBXFileReference; lastKnownFileType = sourcecode.c.h; path = guideNavigationBar.h; sourceTree = "<group>"; };
		D5C997522ACDBDEC00D0A0FE /* guideNavigationBar.m */ = {isa = PBXFileReference; lastKnownFileType = sourcecode.c.objc; path = guideNavigationBar.m; sourceTree = "<group>"; };
		D5C997562ACDD49900D0A0FE /* FriendTableViewCell.h */ = {isa = PBXFileReference; lastKnownFileType = sourcecode.c.h; path = FriendTableViewCell.h; sourceTree = "<group>"; };
		D5C997572ACDD49900D0A0FE /* FriendTableViewCell.m */ = {isa = PBXFileReference; lastKnownFileType = sourcecode.c.objc; path = FriendTableViewCell.m; sourceTree = "<group>"; };
		D5C997582ACDD49900D0A0FE /* FriendTableViewCell.xib */ = {isa = PBXFileReference; lastKnownFileType = file.xib; path = FriendTableViewCell.xib; sourceTree = "<group>"; };
		D5C9975F2ACE678200D0A0FE /* InviteTableViewCell.h */ = {isa = PBXFileReference; fileEncoding = 4; lastKnownFileType = sourcecode.c.h; path = InviteTableViewCell.h; sourceTree = "<group>"; };
		D5C997602ACE678200D0A0FE /* InviteTableViewCell.xib */ = {isa = PBXFileReference; fileEncoding = 4; lastKnownFileType = file.xib; path = InviteTableViewCell.xib; sourceTree = "<group>"; };
		D5C997612ACE678200D0A0FE /* InviteTableViewCell.m */ = {isa = PBXFileReference; fileEncoding = 4; lastKnownFileType = sourcecode.c.objc; path = InviteTableViewCell.m; sourceTree = "<group>"; };
		D5C997692ACE75B800D0A0FE /* tabelBar.png */ = {isa = PBXFileReference; lastKnownFileType = image.png; path = tabelBar.png; sourceTree = "<group>"; };
		D5CE8EED2AD1CA2C00AC0F26 /* ShadowModule.h */ = {isa = PBXFileReference; lastKnownFileType = sourcecode.c.h; path = ShadowModule.h; sourceTree = "<group>"; };
		D5CE8EEE2AD1CA2C00AC0F26 /* ShadowModule.m */ = {isa = PBXFileReference; lastKnownFileType = sourcecode.c.objc; path = ShadowModule.m; sourceTree = "<group>"; };
/* End PBXFileReference section */

/* Begin PBXFrameworksBuildPhase section */
		D5C996DC2ACD6F3D00D0A0FE /* Frameworks */ = {
			isa = PBXFrameworksBuildPhase;
			buildActionMask = 2147483647;
			files = (
			);
			runOnlyForDeploymentPostprocessing = 0;
		};
		D5C996F72ACD6F3F00D0A0FE /* Frameworks */ = {
			isa = PBXFrameworksBuildPhase;
			buildActionMask = 2147483647;
			files = (
			);
			runOnlyForDeploymentPostprocessing = 0;
		};
		D5C997012ACD6F3F00D0A0FE /* Frameworks */ = {
			isa = PBXFrameworksBuildPhase;
			buildActionMask = 2147483647;
			files = (
			);
			runOnlyForDeploymentPostprocessing = 0;
		};
/* End PBXFrameworksBuildPhase section */

/* Begin PBXGroup section */
		D51C85492AD30699004E71FD /* CircularImageView */ = {
			isa = PBXGroup;
			children = (
				D51C854A2AD306D0004E71FD /* CircularImageView.h */,
				D51C854B2AD306D0004E71FD /* CircularImageView.m */,
			);
			name = CircularImageView;
			sourceTree = "<group>";
		};
		D51C854F2AD30A36004E71FD /* testFriendPhoto */ = {
			isa = PBXGroup;
			children = (
				D51C85542AD30A79004E71FD /* testImages1.jpeg */,
			);
			path = testFriendPhoto;
			sourceTree = "<group>";
		};
		D5A96BDE2AFA33B50085A4EB /* JsonFile */ = {
			isa = PBXGroup;
			children = (
				D5A96BDF2AFA33B50085A4EB /* friend1.json */,
				D5A96BE02AFA33B50085A4EB /* main.json */,
				D5A96BE12AFA33B50085A4EB /* friend4.json */,
				D5A96BE22AFA33B50085A4EB /* friend3.json */,
				D5A96BE32AFA33B50085A4EB /* friend2.json */,
			);
			path = JsonFile;
			sourceTree = SOURCE_ROOT;
		};
		D5A96BE92AFA35470085A4EB /* FriendModule */ = {
			isa = PBXGroup;
			children = (
				D5A96BEA2AFA35770085A4EB /* friend.h */,
				D5A96BEB2AFA35770085A4EB /* friend.m */,
			);
			path = FriendModule;
			sourceTree = "<group>";
		};
		D5C996D62ACD6F3D00D0A0FE = {
			isa = PBXGroup;
			children = (
				D5C996E12ACD6F3D00D0A0FE /* Guideline */,
				D5C996FD2ACD6F3F00D0A0FE /* GuidelineTests */,
				D5C997072ACD6F3F00D0A0FE /* GuidelineUITests */,
				D5C996E02ACD6F3D00D0A0FE /* Products */,
			);
			sourceTree = "<group>";
		};
		D5C996E02ACD6F3D00D0A0FE /* Products */ = {
			isa = PBXGroup;
			children = (
				D5C996DF2ACD6F3D00D0A0FE /* Guideline.app */,
				D5C996FA2ACD6F3F00D0A0FE /* GuidelineTests.xctest */,
				D5C997042ACD6F3F00D0A0FE /* GuidelineUITests.xctest */,
			);
			name = Products;
			sourceTree = "<group>";
		};
		D5C996E12ACD6F3D00D0A0FE /* Guideline */ = {
			isa = PBXGroup;
			children = (
				D5A96BDE2AFA33B50085A4EB /* JsonFile */,
				D5C997502ACDBDAF00D0A0FE /* viewModule */,
				D5C9973E2ACD818700D0A0FE /* module */,
				D5C997312ACD7ECF00D0A0FE /* page_source */,
				D5C996E22ACD6F3D00D0A0FE /* AppDelegate.h */,
				D5C996E32ACD6F3D00D0A0FE /* AppDelegate.m */,
				D5C996E52ACD6F3D00D0A0FE /* SceneDelegate.h */,
				D5C996E62ACD6F3D00D0A0FE /* SceneDelegate.m */,
				D5C996E82ACD6F3D00D0A0FE /* ViewController.h */,
				D5C996E92ACD6F3D00D0A0FE /* ViewController.m */,
				D5C996EB2ACD6F3D00D0A0FE /* Main.storyboard */,
				D5C996EE2ACD6F3F00D0A0FE /* Assets.xcassets */,
				D5C996F02ACD6F3F00D0A0FE /* LaunchScreen.storyboard */,
				D5C996F32ACD6F3F00D0A0FE /* Info.plist */,
				D5C996F42ACD6F3F00D0A0FE /* main.m */,
				D5C997252ACD706D00D0A0FE /* FriendListViewController.h */,
				D5C997262ACD706D00D0A0FE /* FriendListViewController.m */,
				D5A96BED2AFA52CD0085A4EB /* MergeFriendListViewController.h */,
				D5A96BEE2AFA52CD0085A4EB /* MergeFriendListViewController.m */,
			);
			path = Guideline;
			sourceTree = "<group>";
		};
		D5C996FD2ACD6F3F00D0A0FE /* GuidelineTests */ = {
			isa = PBXGroup;
			children = (
				D5C996FE2ACD6F3F00D0A0FE /* GuidelineTests.m */,
			);
			path = GuidelineTests;
			sourceTree = "<group>";
		};
		D5C997072ACD6F3F00D0A0FE /* GuidelineUITests */ = {
			isa = PBXGroup;
			children = (
				D5C997082ACD6F3F00D0A0FE /* GuidelineUITests.m */,
				D5C9970A2ACD6F3F00D0A0FE /* GuidelineUITestsLaunchTests.m */,
			);
			path = GuidelineUITests;
			sourceTree = "<group>";
		};
		D5C997312ACD7ECF00D0A0FE /* page_source */ = {
			isa = PBXGroup;
			children = (
				D51C854F2AD30A36004E71FD /* testFriendPhoto */,
				D5C997682ACE75B800D0A0FE /* homepage */,
				D5C997362ACD7ECF00D0A0FE /* page1 */,
				D5C997322ACD7ECF00D0A0FE /* page2 */,
				D5C997342ACD7ECF00D0A0FE /* page3 */,
			);
			path = page_source;
			sourceTree = "<group>";
		};
		D5C997322ACD7ECF00D0A0FE /* page2 */ = {
			isa = PBXGroup;
			children = (
				D5C997332ACD7ECF00D0A0FE /* 朋友_KOKO 好友_列表.png */,
			);
			path = page2;
			sourceTree = "<group>";
		};
		D5C997342ACD7ECF00D0A0FE /* page3 */ = {
			isa = PBXGroup;
			children = (
				D5C997352ACD7ECF00D0A0FE /* 朋友_KOKO 好友_邀請展開.png */,
			);
			path = page3;
			sourceTree = "<group>";
		};
		D5C997362ACD7ECF00D0A0FE /* page1 */ = {
			isa = PBXGroup;
			children = (
				D5C997372ACD7ECF00D0A0FE /* 朋友_KOKO 好友_New Comer.png */,
			);
			path = page1;
			sourceTree = "<group>";
		};
		D5C9973E2ACD818700D0A0FE /* module */ = {
			isa = PBXGroup;
			children = (
				D5A96BE92AFA35470085A4EB /* FriendModule */,
				D51C85492AD30699004E71FD /* CircularImageView */,
				D5C997472ACD8C9B00D0A0FE /* JsonModule */,
				D5C997462ACD8C9100D0A0FE /* ApiRequest */,
			);
			path = module;
			sourceTree = SOURCE_ROOT;
		};
		D5C997462ACD8C9100D0A0FE /* ApiRequest */ = {
			isa = PBXGroup;
			children = (
				D5C9974C2ACD8CDA00D0A0FE /* apiRequestModule.h */,
				D5C9974D2ACD8CDA00D0A0FE /* apiRequestModule.m */,
			);
			path = ApiRequest;
			sourceTree = "<group>";
		};
		D5C997472ACD8C9B00D0A0FE /* JsonModule */ = {
			isa = PBXGroup;
			children = (
				D5C997492ACD8C9B00D0A0FE /* JsonModule.h */,
				D5C997482ACD8C9B00D0A0FE /* JsonModule.m */,
			);
			path = JsonModule;
			sourceTree = "<group>";
		};
		D5C997502ACDBDAF00D0A0FE /* viewModule */ = {
			isa = PBXGroup;
			children = (
				D5C997512ACDBDEC00D0A0FE /* guideNavigationBar.h */,
				D5C997522ACDBDEC00D0A0FE /* guideNavigationBar.m */,
				D5C997562ACDD49900D0A0FE /* FriendTableViewCell.h */,
				D5C997572ACDD49900D0A0FE /* FriendTableViewCell.m */,
				D5C997582ACDD49900D0A0FE /* FriendTableViewCell.xib */,
				D5C9975F2ACE678200D0A0FE /* InviteTableViewCell.h */,
				D5C997612ACE678200D0A0FE /* InviteTableViewCell.m */,
				D5C997602ACE678200D0A0FE /* InviteTableViewCell.xib */,
				D5A22E2E2AD10DDF0087B2C5 /* UIButton+UIButton_GradientBackground.h */,
				D5A22E2F2AD10DDF0087B2C5 /* UIButton+UIButton_GradientBackground.m */,
				D5A22E332AD14EA90087B2C5 /* UISearchBar+UISearchBar_CustomCancelButton.h */,
				D5A22E342AD14EA90087B2C5 /* UISearchBar+UISearchBar_CustomCancelButton.m */,
				D5CE8EED2AD1CA2C00AC0F26 /* ShadowModule.h */,
				D5CE8EEE2AD1CA2C00AC0F26 /* ShadowModule.m */,
				D51C853A2AD2E6B4004E71FD /* UITableView+ExpandableSections.h */,
				D51C853B2AD2E6B4004E71FD /* UITableView+ExpandableSections.m */,
				D51C85442AD2F186004E71FD /* UIButton+Badge.h */,
				D51C85452AD2F186004E71FD /* UIButton+Badge.m */,
				D51C85582AD440E6004E71FD /* UILabel+ReplaceTextWithDot.h */,
				D51C85592AD440E6004E71FD /* UILabel+ReplaceTextWithDot.m */,
			);
			path = viewModule;
			sourceTree = SOURCE_ROOT;
		};
		D5C997682ACE75B800D0A0FE /* homepage */ = {
			isa = PBXGroup;
			children = (
				D5C997692ACE75B800D0A0FE /* tabelBar.png */,
			);
			path = homepage;
			sourceTree = "<group>";
		};
/* End PBXGroup section */

/* Begin PBXNativeTarget section */
		D5C996DE2ACD6F3D00D0A0FE /* Guideline */ = {
			isa = PBXNativeTarget;
			buildConfigurationList = D5C9970E2ACD6F3F00D0A0FE /* Build configuration list for PBXNativeTarget "Guideline" */;
			buildPhases = (
				D5C996DB2ACD6F3D00D0A0FE /* Sources */,
				D5C996DC2ACD6F3D00D0A0FE /* Frameworks */,
				D5C996DD2ACD6F3D00D0A0FE /* Resources */,
			);
			buildRules = (
			);
			dependencies = (
			);
			name = Guideline;
			productName = Guideline;
			productReference = D5C996DF2ACD6F3D00D0A0FE /* Guideline.app */;
			productType = "com.apple.product-type.application";
		};
		D5C996F92ACD6F3F00D0A0FE /* GuidelineTests */ = {
			isa = PBXNativeTarget;
			buildConfigurationList = D5C997112ACD6F3F00D0A0FE /* Build configuration list for PBXNativeTarget "GuidelineTests" */;
			buildPhases = (
				D5C996F62ACD6F3F00D0A0FE /* Sources */,
				D5C996F72ACD6F3F00D0A0FE /* Frameworks */,
				D5C996F82ACD6F3F00D0A0FE /* Resources */,
			);
			buildRules = (
			);
			dependencies = (
				D5C996FC2ACD6F3F00D0A0FE /* PBXTargetDependency */,
			);
			name = GuidelineTests;
			productName = GuidelineTests;
			productReference = D5C996FA2ACD6F3F00D0A0FE /* GuidelineTests.xctest */;
			productType = "com.apple.product-type.bundle.unit-test";
		};
		D5C997032ACD6F3F00D0A0FE /* GuidelineUITests */ = {
			isa = PBXNativeTarget;
			buildConfigurationList = D5C997142ACD6F3F00D0A0FE /* Build configuration list for PBXNativeTarget "GuidelineUITests" */;
			buildPhases = (
				D5C997002ACD6F3F00D0A0FE /* Sources */,
				D5C997012ACD6F3F00D0A0FE /* Frameworks */,
				D5C997022ACD6F3F00D0A0FE /* Resources */,
			);
			buildRules = (
			);
			dependencies = (
				D5C997062ACD6F3F00D0A0FE /* PBXTargetDependency */,
			);
			name = GuidelineUITests;
			productName = GuidelineUITests;
			productReference = D5C997042ACD6F3F00D0A0FE /* GuidelineUITests.xctest */;
			productType = "com.apple.product-type.bundle.ui-testing";
		};
/* End PBXNativeTarget section */

/* Begin PBXProject section */
		D5C996D72ACD6F3D00D0A0FE /* Project object */ = {
			isa = PBXProject;
			attributes = {
				BuildIndependentTargetsInParallel = 1;
				LastUpgradeCheck = 1500;
				TargetAttributes = {
					D5C996DE2ACD6F3D00D0A0FE = {
						CreatedOnToolsVersion = 15.0;
					};
					D5C996F92ACD6F3F00D0A0FE = {
						CreatedOnToolsVersion = 15.0;
						TestTargetID = D5C996DE2ACD6F3D00D0A0FE;
					};
					D5C997032ACD6F3F00D0A0FE = {
						CreatedOnToolsVersion = 15.0;
						TestTargetID = D5C996DE2ACD6F3D00D0A0FE;
					};
				};
			};
			buildConfigurationList = D5C996DA2ACD6F3D00D0A0FE /* Build configuration list for PBXProject "Guideline" */;
			compatibilityVersion = "Xcode 14.0";
			developmentRegion = en;
			hasScannedForEncodings = 0;
			knownRegions = (
				en,
				Base,
			);
			mainGroup = D5C996D62ACD6F3D00D0A0FE;
			productRefGroup = D5C996E02ACD6F3D00D0A0FE /* Products */;
			projectDirPath = "";
			projectRoot = "";
			targets = (
				D5C996DE2ACD6F3D00D0A0FE /* Guideline */,
				D5C996F92ACD6F3F00D0A0FE /* GuidelineTests */,
				D5C997032ACD6F3F00D0A0FE /* GuidelineUITests */,
			);
		};
/* End PBXProject section */

/* Begin PBXResourcesBuildPhase section */
		D5C996DD2ACD6F3D00D0A0FE /* Resources */ = {
			isa = PBXResourcesBuildPhase;
			buildActionMask = 2147483647;
			files = (
				D5C9973A2ACD7ECF00D0A0FE /* 朋友_KOKO 好友_邀請展開.png in Resources */,
				D5C997382ACD7ECF00D0A0FE /* 朋友_KOKO 好友_列表.png in Resources */,
				D5C9976A2ACE75B800D0A0FE /* tabelBar.png in Resources */,
				D51C85552AD30A79004E71FD /* testImages1.jpeg in Resources */,
				D5C997622ACE678200D0A0FE /* InviteTableViewCell.xib in Resources */,
				D5A96BE72AFA33B50085A4EB /* friend3.json in Resources */,
				D5C9973C2ACD7ECF00D0A0FE /* 朋友_KOKO 好友_New Comer.png in Resources */,
				D5A96BE52AFA33B50085A4EB /* main.json in Resources */,
				D5C9975C2ACDD49900D0A0FE /* FriendTableViewCell.xib in Resources */,
				D5C996F22ACD6F3F00D0A0FE /* LaunchScreen.storyboard in Resources */,
				D5C996EF2ACD6F3F00D0A0FE /* Assets.xcassets in Resources */,
				D5C996ED2ACD6F3D00D0A0FE /* Main.storyboard in Resources */,
				D5A96BE42AFA33B50085A4EB /* friend1.json in Resources */,
				D5A96BE62AFA33B50085A4EB /* friend4.json in Resources */,
				D5A96BE82AFA33B50085A4EB /* friend2.json in Resources */,
			);
			runOnlyForDeploymentPostprocessing = 0;
		};
		D5C996F82ACD6F3F00D0A0FE /* Resources */ = {
			isa = PBXResourcesBuildPhase;
			buildActionMask = 2147483647;
			files = (
				D5C997632ACE678200D0A0FE /* InviteTableViewCell.xib in Resources */,
				D5C9975D2ACDD49900D0A0FE /* FriendTableViewCell.xib in Resources */,
				D5C9976B2ACE75B800D0A0FE /* tabelBar.png in Resources */,
				D51C85562AD30A79004E71FD /* testImages1.jpeg in Resources */,
				D5C9972F2ACD7BE400D0A0FE /* Main.storyboard in Resources */,
				D5C9973B2ACD7ECF00D0A0FE /* 朋友_KOKO 好友_邀請展開.png in Resources */,
				D5C997392ACD7ECF00D0A0FE /* 朋友_KOKO 好友_列表.png in Resources */,
				D5C9973D2ACD7ECF00D0A0FE /* 朋友_KOKO 好友_New Comer.png in Resources */,
			);
			runOnlyForDeploymentPostprocessing = 0;
		};
		D5C997022ACD6F3F00D0A0FE /* Resources */ = {
			isa = PBXResourcesBuildPhase;
			buildActionMask = 2147483647;
			files = (
				D5C9976C2ACE75B800D0A0FE /* tabelBar.png in Resources */,
				D5C997642ACE678200D0A0FE /* InviteTableViewCell.xib in Resources */,
				D5C997302ACD7BE500D0A0FE /* Main.storyboard in Resources */,
				D51C85572AD30A79004E71FD /* testImages1.jpeg in Resources */,
				D5C9975E2ACDD49900D0A0FE /* FriendTableViewCell.xib in Resources */,
			);
			runOnlyForDeploymentPostprocessing = 0;
		};
/* End PBXResourcesBuildPhase section */

/* Begin PBXSourcesBuildPhase section */
		D5C996DB2ACD6F3D00D0A0FE /* Sources */ = {
			isa = PBXSourcesBuildPhase;
			buildActionMask = 2147483647;
			files = (
				D5C997282ACD706D00D0A0FE /* FriendListViewController.m in Sources */,
				D51C854C2AD306D0004E71FD /* CircularImageView.m in Sources */,
				D5C997592ACDD49900D0A0FE /* FriendTableViewCell.m in Sources */,
				D51C853C2AD2E6B4004E71FD /* UITableView+ExpandableSections.m in Sources */,
				D5C996EA2ACD6F3D00D0A0FE /* ViewController.m in Sources */,
				D5A96BEC2AFA35770085A4EB /* friend.m in Sources */,
				D5A96BEF2AFA52CD0085A4EB /* MergeFriendListViewController.m in Sources */,
				D5CE8EEF2AD1CA2C00AC0F26 /* ShadowModule.m in Sources */,
				D5C997532ACDBDEC00D0A0FE /* guideNavigationBar.m in Sources */,
				D5C996E42ACD6F3D00D0A0FE /* AppDelegate.m in Sources */,
				D51C85462AD2F186004E71FD /* UIButton+Badge.m in Sources */,
				D5C9974A2ACD8C9B00D0A0FE /* JsonModule.m in Sources */,
				D5C997652ACE678200D0A0FE /* InviteTableViewCell.m in Sources */,
				D5C996F52ACD6F3F00D0A0FE /* main.m in Sources */,
				D5A22E352AD14EA90087B2C5 /* UISearchBar+UISearchBar_CustomCancelButton.m in Sources */,
				D5C9974E2ACD8CDA00D0A0FE /* apiRequestModule.m in Sources */,
				D51C855A2AD440E6004E71FD /* UILabel+ReplaceTextWithDot.m in Sources */,
				D5C996E72ACD6F3D00D0A0FE /* SceneDelegate.m in Sources */,
				D5A22E302AD10DDF0087B2C5 /* UIButton+UIButton_GradientBackground.m in Sources */,
			);
			runOnlyForDeploymentPostprocessing = 0;
		};
		D5C996F62ACD6F3F00D0A0FE /* Sources */ = {
			isa = PBXSourcesBuildPhase;
			buildActionMask = 2147483647;
			files = (
				D5C997292ACD706D00D0A0FE /* FriendListViewController.m in Sources */,
				D51C85472AD2F186004E71FD /* UIButton+Badge.m in Sources */,
				D5C9975A2ACDD49900D0A0FE /* FriendTableViewCell.m in Sources */,
				D5A22E362AD14EA90087B2C5 /* UISearchBar+UISearchBar_CustomCancelButton.m in Sources */,
				D5C997542ACDBDEC00D0A0FE /* guideNavigationBar.m in Sources */,
				D5C9974F2ACD8CDA00D0A0FE /* apiRequestModule.m in Sources */,
				D5C996FF2ACD6F3F00D0A0FE /* GuidelineTests.m in Sources */,
				D51C855B2AD440E6004E71FD /* UILabel+ReplaceTextWithDot.m in Sources */,
				D51C853D2AD2E6B4004E71FD /* UITableView+ExpandableSections.m in Sources */,
				D5A22E312AD10DDF0087B2C5 /* UIButton+UIButton_GradientBackground.m in Sources */,
				D51C854D2AD306D0004E71FD /* CircularImageView.m in Sources */,
				D5C9974B2ACD8C9B00D0A0FE /* JsonModule.m in Sources */,
				D5C997662ACE678200D0A0FE /* InviteTableViewCell.m in Sources */,
			);
			runOnlyForDeploymentPostprocessing = 0;
		};
		D5C997002ACD6F3F00D0A0FE /* Sources */ = {
			isa = PBXSourcesBuildPhase;
			buildActionMask = 2147483647;
			files = (
				D5C997552ACDBDEC00D0A0FE /* guideNavigationBar.m in Sources */,
				D5C997672ACE678200D0A0FE /* InviteTableViewCell.m in Sources */,
				D5C997092ACD6F3F00D0A0FE /* GuidelineUITests.m in Sources */,
				D5C9970B2ACD6F3F00D0A0FE /* GuidelineUITestsLaunchTests.m in Sources */,
				D5C9975B2ACDD49900D0A0FE /* FriendTableViewCell.m in Sources */,
				D5A22E322AD10DDF0087B2C5 /* UIButton+UIButton_GradientBackground.m in Sources */,
				D51C855C2AD440E6004E71FD /* UILabel+ReplaceTextWithDot.m in Sources */,
				D51C853E2AD2E6B4004E71FD /* UITableView+ExpandableSections.m in Sources */,
				D51C854E2AD306D0004E71FD /* CircularImageView.m in Sources */,
				D51C85482AD2F186004E71FD /* UIButton+Badge.m in Sources */,
				D5A22E372AD14EA90087B2C5 /* UISearchBar+UISearchBar_CustomCancelButton.m in Sources */,
			);
			runOnlyForDeploymentPostprocessing = 0;
		};
/* End PBXSourcesBuildPhase section */

/* Begin PBXTargetDependency section */
		D5C996FC2ACD6F3F00D0A0FE /* PBXTargetDependency */ = {
			isa = PBXTargetDependency;
			target = D5C996DE2ACD6F3D00D0A0FE /* Guideline */;
			targetProxy = D5C996FB2ACD6F3F00D0A0FE /* PBXContainerItemProxy */;
		};
		D5C997062ACD6F3F00D0A0FE /* PBXTargetDependency */ = {
			isa = PBXTargetDependency;
			target = D5C996DE2ACD6F3D00D0A0FE /* Guideline */;
			targetProxy = D5C997052ACD6F3F00D0A0FE /* PBXContainerItemProxy */;
		};
/* End PBXTargetDependency section */

/* Begin PBXVariantGroup section */
		D5C996EB2ACD6F3D00D0A0FE /* Main.storyboard */ = {
			isa = PBXVariantGroup;
			children = (
				D5C996EC2ACD6F3D00D0A0FE /* Base */,
			);
			name = Main.storyboard;
			sourceTree = "<group>";
		};
		D5C996F02ACD6F3F00D0A0FE /* LaunchScreen.storyboard */ = {
			isa = PBXVariantGroup;
			children = (
				D5C996F12ACD6F3F00D0A0FE /* Base */,
			);
			name = LaunchScreen.storyboard;
			sourceTree = "<group>";
		};
/* End PBXVariantGroup section */

/* Begin XCBuildConfiguration section */
		D5C9970C2ACD6F3F00D0A0FE /* Debug */ = {
			isa = XCBuildConfiguration;
			buildSettings = {
				ALWAYS_SEARCH_USER_PATHS = NO;
				ASSETCATALOG_COMPILER_GENERATE_SWIFT_ASSET_SYMBOL_EXTENSIONS = YES;
				CLANG_ANALYZER_NONNULL = YES;
				CLANG_ANALYZER_NUMBER_OBJECT_CONVERSION = YES_AGGRESSIVE;
				CLANG_CXX_LANGUAGE_STANDARD = "gnu++20";
				CLANG_ENABLE_MODULES = YES;
				CLANG_ENABLE_OBJC_ARC = YES;
				CLANG_ENABLE_OBJC_WEAK = YES;
				CLANG_WARN_BLOCK_CAPTURE_AUTORELEASING = YES;
				CLANG_WARN_BOOL_CONVERSION = YES;
				CLANG_WARN_COMMA = YES;
				CLANG_WARN_CONSTANT_CONVERSION = YES;
				CLANG_WARN_DEPRECATED_OBJC_IMPLEMENTATIONS = YES;
				CLANG_WARN_DIRECT_OBJC_ISA_USAGE = YES_ERROR;
				CLANG_WARN_DOCUMENTATION_COMMENTS = YES;
				CLANG_WARN_EMPTY_BODY = YES;
				CLANG_WARN_ENUM_CONVERSION = YES;
				CLANG_WARN_INFINITE_RECURSION = YES;
				CLANG_WARN_INT_CONVERSION = YES;
				CLANG_WARN_NON_LITERAL_NULL_CONVERSION = YES;
				CLANG_WARN_OBJC_IMPLICIT_RETAIN_SELF = YES;
				CLANG_WARN_OBJC_LITERAL_CONVERSION = YES;
				CLANG_WARN_OBJC_ROOT_CLASS = YES_ERROR;
				CLANG_WARN_QUOTED_INCLUDE_IN_FRAMEWORK_HEADER = YES;
				CLANG_WARN_RANGE_LOOP_ANALYSIS = YES;
				CLANG_WARN_STRICT_PROTOTYPES = YES;
				CLANG_WARN_SUSPICIOUS_MOVE = YES;
				CLANG_WARN_UNGUARDED_AVAILABILITY = YES_AGGRESSIVE;
				CLANG_WARN_UNREACHABLE_CODE = YES;
				CLANG_WARN__DUPLICATE_METHOD_MATCH = YES;
				COPY_PHASE_STRIP = NO;
				DEBUG_INFORMATION_FORMAT = dwarf;
				ENABLE_STRICT_OBJC_MSGSEND = YES;
				ENABLE_TESTABILITY = YES;
				ENABLE_USER_SCRIPT_SANDBOXING = YES;
				GCC_C_LANGUAGE_STANDARD = gnu17;
				GCC_DYNAMIC_NO_PIC = NO;
				GCC_NO_COMMON_BLOCKS = YES;
				GCC_OPTIMIZATION_LEVEL = 0;
				GCC_PREPROCESSOR_DEFINITIONS = (
					"DEBUG=1",
					"$(inherited)",
				);
				GCC_WARN_64_TO_32_BIT_CONVERSION = YES;
				GCC_WARN_ABOUT_RETURN_TYPE = YES_ERROR;
				GCC_WARN_UNDECLARED_SELECTOR = YES;
				GCC_WARN_UNINITIALIZED_AUTOS = YES_AGGRESSIVE;
				GCC_WARN_UNUSED_FUNCTION = YES;
				GCC_WARN_UNUSED_VARIABLE = YES;
				IPHONEOS_DEPLOYMENT_TARGET = 17.0;
				LOCALIZATION_PREFERS_STRING_CATALOGS = YES;
				MTL_ENABLE_DEBUG_INFO = INCLUDE_SOURCE;
				MTL_FAST_MATH = YES;
				ONLY_ACTIVE_ARCH = YES;
				SDKROOT = iphoneos;
			};
			name = Debug;
		};
		D5C9970D2ACD6F3F00D0A0FE /* Release */ = {
			isa = XCBuildConfiguration;
			buildSettings = {
				ALWAYS_SEARCH_USER_PATHS = NO;
				ASSETCATALOG_COMPILER_GENERATE_SWIFT_ASSET_SYMBOL_EXTENSIONS = YES;
				CLANG_ANALYZER_NONNULL = YES;
				CLANG_ANALYZER_NUMBER_OBJECT_CONVERSION = YES_AGGRESSIVE;
				CLANG_CXX_LANGUAGE_STANDARD = "gnu++20";
				CLANG_ENABLE_MODULES = YES;
				CLANG_ENABLE_OBJC_ARC = YES;
				CLANG_ENABLE_OBJC_WEAK = YES;
				CLANG_WARN_BLOCK_CAPTURE_AUTORELEASING = YES;
				CLANG_WARN_BOOL_CONVERSION = YES;
				CLANG_WARN_COMMA = YES;
				CLANG_WARN_CONSTANT_CONVERSION = YES;
				CLANG_WARN_DEPRECATED_OBJC_IMPLEMENTATIONS = YES;
				CLANG_WARN_DIRECT_OBJC_ISA_USAGE = YES_ERROR;
				CLANG_WARN_DOCUMENTATION_COMMENTS = YES;
				CLANG_WARN_EMPTY_BODY = YES;
				CLANG_WARN_ENUM_CONVERSION = YES;
				CLANG_WARN_INFINITE_RECURSION = YES;
				CLANG_WARN_INT_CONVERSION = YES;
				CLANG_WARN_NON_LITERAL_NULL_CONVERSION = YES;
				CLANG_WARN_OBJC_IMPLICIT_RETAIN_SELF = YES;
				CLANG_WARN_OBJC_LITERAL_CONVERSION = YES;
				CLANG_WARN_OBJC_ROOT_CLASS = YES_ERROR;
				CLANG_WARN_QUOTED_INCLUDE_IN_FRAMEWORK_HEADER = YES;
				CLANG_WARN_RANGE_LOOP_ANALYSIS = YES;
				CLANG_WARN_STRICT_PROTOTYPES = YES;
				CLANG_WARN_SUSPICIOUS_MOVE = YES;
				CLANG_WARN_UNGUARDED_AVAILABILITY = YES_AGGRESSIVE;
				CLANG_WARN_UNREACHABLE_CODE = YES;
				CLANG_WARN__DUPLICATE_METHOD_MATCH = YES;
				COPY_PHASE_STRIP = NO;
				DEBUG_INFORMATION_FORMAT = "dwarf-with-dsym";
				ENABLE_NS_ASSERTIONS = NO;
				ENABLE_STRICT_OBJC_MSGSEND = YES;
				ENABLE_USER_SCRIPT_SANDBOXING = YES;
				GCC_C_LANGUAGE_STANDARD = gnu17;
				GCC_NO_COMMON_BLOCKS = YES;
				GCC_WARN_64_TO_32_BIT_CONVERSION = YES;
				GCC_WARN_ABOUT_RETURN_TYPE = YES_ERROR;
				GCC_WARN_UNDECLARED_SELECTOR = YES;
				GCC_WARN_UNINITIALIZED_AUTOS = YES_AGGRESSIVE;
				GCC_WARN_UNUSED_FUNCTION = YES;
				GCC_WARN_UNUSED_VARIABLE = YES;
				IPHONEOS_DEPLOYMENT_TARGET = 17.0;
				LOCALIZATION_PREFERS_STRING_CATALOGS = YES;
				MTL_ENABLE_DEBUG_INFO = NO;
				MTL_FAST_MATH = YES;
				SDKROOT = iphoneos;
				VALIDATE_PRODUCT = YES;
			};
			name = Release;
		};
		D5C9970F2ACD6F3F00D0A0FE /* Debug */ = {
			isa = XCBuildConfiguration;
			buildSettings = {
				ASSETCATALOG_COMPILER_APPICON_NAME = AppIcon;
				ASSETCATALOG_COMPILER_GLOBAL_ACCENT_COLOR_NAME = AccentColor;
				CODE_SIGN_STYLE = Automatic;
				CURRENT_PROJECT_VERSION = 1;
				GENERATE_INFOPLIST_FILE = YES;
				INFOPLIST_FILE = Guideline/Info.plist;
				INFOPLIST_KEY_UIApplicationSupportsIndirectInputEvents = YES;
				INFOPLIST_KEY_UILaunchStoryboardName = LaunchScreen;
				INFOPLIST_KEY_UIMainStoryboardFile = Main;
				INFOPLIST_KEY_UISupportedInterfaceOrientations_iPad = "UIInterfaceOrientationPortrait UIInterfaceOrientationPortraitUpsideDown UIInterfaceOrientationLandscapeLeft UIInterfaceOrientationLandscapeRight";
				INFOPLIST_KEY_UISupportedInterfaceOrientations_iPhone = "UIInterfaceOrientationPortrait UIInterfaceOrientationLandscapeLeft UIInterfaceOrientationLandscapeRight";
				IPHONEOS_DEPLOYMENT_TARGET = 13.0;
				LD_RUNPATH_SEARCH_PATHS = (
					"$(inherited)",
					"@executable_path/Frameworks",
				);
				MARKETING_VERSION = 1.0;
				PRODUCT_BUNDLE_IDENTIFIER = wilson.app.com.tw.Guideline;
				PRODUCT_NAME = "$(TARGET_NAME)";
				SWIFT_EMIT_LOC_STRINGS = YES;
				TARGETED_DEVICE_FAMILY = "1,2";
			};
			name = Debug;
		};
		D5C997102ACD6F3F00D0A0FE /* Release */ = {
			isa = XCBuildConfiguration;
			buildSettings = {
				ASSETCATALOG_COMPILER_APPICON_NAME = AppIcon;
				ASSETCATALOG_COMPILER_GLOBAL_ACCENT_COLOR_NAME = AccentColor;
				CODE_SIGN_STYLE = Automatic;
				CURRENT_PROJECT_VERSION = 1;
				GENERATE_INFOPLIST_FILE = YES;
				INFOPLIST_FILE = Guideline/Info.plist;
				INFOPLIST_KEY_UIApplicationSupportsIndirectInputEvents = YES;
				INFOPLIST_KEY_UILaunchStoryboardName = LaunchScreen;
				INFOPLIST_KEY_UIMainStoryboardFile = Main;
				INFOPLIST_KEY_UISupportedInterfaceOrientations_iPad = "UIInterfaceOrientationPortrait UIInterfaceOrientationPortraitUpsideDown UIInterfaceOrientationLandscapeLeft UIInterfaceOrientationLandscapeRight";
				INFOPLIST_KEY_UISupportedInterfaceOrientations_iPhone = "UIInterfaceOrientationPortrait UIInterfaceOrientationLandscapeLeft UIInterfaceOrientationLandscapeRight";
				IPHONEOS_DEPLOYMENT_TARGET = 13.0;
				LD_RUNPATH_SEARCH_PATHS = (
					"$(inherited)",
					"@executable_path/Frameworks",
				);
				MARKETING_VERSION = 1.0;
				PRODUCT_BUNDLE_IDENTIFIER = wilson.app.com.tw.Guideline;
				PRODUCT_NAME = "$(TARGET_NAME)";
				SWIFT_EMIT_LOC_STRINGS = YES;
				TARGETED_DEVICE_FAMILY = "1,2";
			};
			name = Release;
		};
		D5C997122ACD6F3F00D0A0FE /* Debug */ = {
			isa = XCBuildConfiguration;
			buildSettings = {
				BUNDLE_LOADER = "$(TEST_HOST)";
				CODE_SIGN_STYLE = Automatic;
				CURRENT_PROJECT_VERSION = 1;
				GENERATE_INFOPLIST_FILE = YES;
				IPHONEOS_DEPLOYMENT_TARGET = 17.0;
				MARKETING_VERSION = 1.0;
				PRODUCT_BUNDLE_IDENTIFIER = wilson.app.com.tw.GuidelineTests;
				PRODUCT_NAME = "$(TARGET_NAME)";
				SWIFT_EMIT_LOC_STRINGS = NO;
				TARGETED_DEVICE_FAMILY = "1,2";
				TEST_HOST = "$(BUILT_PRODUCTS_DIR)/Guideline.app/$(BUNDLE_EXECUTABLE_FOLDER_PATH)/Guideline";
			};
			name = Debug;
		};
		D5C997132ACD6F3F00D0A0FE /* Release */ = {
			isa = XCBuildConfiguration;
			buildSettings = {
				BUNDLE_LOADER = "$(TEST_HOST)";
				CODE_SIGN_STYLE = Automatic;
				CURRENT_PROJECT_VERSION = 1;
				GENERATE_INFOPLIST_FILE = YES;
				IPHONEOS_DEPLOYMENT_TARGET = 17.0;
				MARKETING_VERSION = 1.0;
				PRODUCT_BUNDLE_IDENTIFIER = wilson.app.com.tw.GuidelineTests;
				PRODUCT_NAME = "$(TARGET_NAME)";
				SWIFT_EMIT_LOC_STRINGS = NO;
				TARGETED_DEVICE_FAMILY = "1,2";
				TEST_HOST = "$(BUILT_PRODUCTS_DIR)/Guideline.app/$(BUNDLE_EXECUTABLE_FOLDER_PATH)/Guideline";
			};
			name = Release;
		};
		D5C997152ACD6F3F00D0A0FE /* Debug */ = {
			isa = XCBuildConfiguration;
			buildSettings = {
				CODE_SIGN_STYLE = Automatic;
				CURRENT_PROJECT_VERSION = 1;
				GENERATE_INFOPLIST_FILE = YES;
				MARKETING_VERSION = 1.0;
				PRODUCT_BUNDLE_IDENTIFIER = wilson.app.com.tw.GuidelineUITests;
				PRODUCT_NAME = "$(TARGET_NAME)";
				SWIFT_EMIT_LOC_STRINGS = NO;
				TARGETED_DEVICE_FAMILY = "1,2";
				TEST_TARGET_NAME = Guideline;
			};
			name = Debug;
		};
		D5C997162ACD6F3F00D0A0FE /* Release */ = {
			isa = XCBuildConfiguration;
			buildSettings = {
				CODE_SIGN_STYLE = Automatic;
				CURRENT_PROJECT_VERSION = 1;
				GENERATE_INFOPLIST_FILE = YES;
				MARKETING_VERSION = 1.0;
				PRODUCT_BUNDLE_IDENTIFIER = wilson.app.com.tw.GuidelineUITests;
				PRODUCT_NAME = "$(TARGET_NAME)";
				SWIFT_EMIT_LOC_STRINGS = NO;
				TARGETED_DEVICE_FAMILY = "1,2";
				TEST_TARGET_NAME = Guideline;
			};
			name = Release;
		};
/* End XCBuildConfiguration section */

/* Begin XCConfigurationList section */
		D5C996DA2ACD6F3D00D0A0FE /* Build configuration list for PBXProject "Guideline" */ = {
			isa = XCConfigurationList;
			buildConfigurations = (
				D5C9970C2ACD6F3F00D0A0FE /* Debug */,
				D5C9970D2ACD6F3F00D0A0FE /* Release */,
			);
			defaultConfigurationIsVisible = 0;
			defaultConfigurationName = Release;
		};
		D5C9970E2ACD6F3F00D0A0FE /* Build configuration list for PBXNativeTarget "Guideline" */ = {
			isa = XCConfigurationList;
			buildConfigurations = (
				D5C9970F2ACD6F3F00D0A0FE /* Debug */,
				D5C997102ACD6F3F00D0A0FE /* Release */,
			);
			defaultConfigurationIsVisible = 0;
			defaultConfigurationName = Release;
		};
		D5C997112ACD6F3F00D0A0FE /* Build configuration list for PBXNativeTarget "GuidelineTests" */ = {
			isa = XCConfigurationList;
			buildConfigurations = (
				D5C997122ACD6F3F00D0A0FE /* Debug */,
				D5C997132ACD6F3F00D0A0FE /* Release */,
			);
			defaultConfigurationIsVisible = 0;
			defaultConfigurationName = Release;
		};
		D5C997142ACD6F3F00D0A0FE /* Build configuration list for PBXNativeTarget "GuidelineUITests" */ = {
			isa = XCConfigurationList;
			buildConfigurations = (
				D5C997152ACD6F3F00D0A0FE /* Debug */,
				D5C997162ACD6F3F00D0A0FE /* Release */,
			);
			defaultConfigurationIsVisible = 0;
			defaultConfigurationName = Release;
		};
/* End XCConfigurationList section */
	};
	rootObject = D5C996D72ACD6F3D00D0A0FE /* Project object */;
}
